
Microsoft Visual Studio Solution File, Format Version 12.00
Project("{F2A71F9B-5D33-465A-A702-920D77279786}") = "Des.Core", "Des.Core\Des.Core.fsproj", "{BF470FFE-5169-4F64-AD2C-8C1B1E44B5D7}"
EndProject
Project("{F2A71F9B-5D33-465A-A702-920D77279786}") = "Des.ConsoleApp", "Des.ConsoleApp\Des.ConsoleApp.fsproj", "{31F87E4F-98ED-45AB-92D4-29505241311A}"
EndProject
Global
	GlobalSection(SolutionConfigurationPlatforms) = preSolution
		Debug|Any CPU = Debug|Any CPU
		Release|Any CPU = Release|Any CPU
	EndGlobalSection
	GlobalSection(ProjectConfigurationPlatforms) = postSolution
		{BF470FFE-5169-4F64-AD2C-8C1B1E44B5D7}.Debug|Any CPU.ActiveCfg = Debug|Any CPU
		{BF470FFE-5169-4F64-AD2C-8C1B1E44B5D7}.Debug|Any CPU.Build.0 = Debug|Any CPU
		{BF470FFE-5169-4F64-AD2C-8C1B1E44B5D7}.Release|Any CPU.ActiveCfg = Release|Any CPU
		{BF470FFE-5169-4F64-AD2C-8C1B1E44B5D7}.Release|Any CPU.Build.0 = Release|Any CPU
		{31F87E4F-98ED-45AB-92D4-29505241311A}.Debug|Any CPU.ActiveCfg = Debug|Any CPU
		{31F87E4F-98ED-45AB-92D4-29505241311A}.Debug|Any CPU.Build.0 = Debug|Any CPU
		{31F87E4F-98ED-45AB-92D4-29505241311A}.Release|Any CPU.ActiveCfg = Release|Any CPU
		{31F87E4F-98ED-45AB-92D4-29505241311A}.Release|Any CPU.Build.0 = Release|Any CPU
	EndGlobalSection
EndGlobal
